[[package]]
name = "colorama"
version = "0.4.6"
description = "Cross-platform colored terminal text."
category = "main"
optional = false
python-versions = "!=3.0.*,!=3.1.*,!=3.2.*,!=3.3.*,!=3.4.*,!=3.5.*,!=3.6.*,>=2.7"

[[package]]
name = "flake8"
version = "5.0.4"
description = "the modular source code checker: pep8 pyflakes and co"
category = "dev"
optional = false
python-versions = ">=3.6.1"

[package.dependencies]
mccabe = ">=0.7.0,<0.8.0"
pycodestyle = ">=2.9.0,<2.10.0"
pyflakes = ">=2.5.0,<2.6.0"

[[package]]
name = "lark"
version = "1.1.7"
description = "a modern parsing library"
category = "main"
optional = false
python-versions = ">=3.6"

[package.extras]
atomic_cache = ["atomicwrites"]
interegular = ["interegular (>=0.3.1,<0.4.0)"]
nearley = ["js2py"]
regex = ["regex"]

[[package]]
name = "loguru"
version = "0.6.0"
description = "Python logging made (stupidly) simple"
category = "main"
optional = false
python-versions = ">=3.5"

[package.dependencies]
colorama = {version = ">=0.3.4", markers = "sys_platform == \"win32\""}
win32-setctime = {version = ">=1.0.0", markers = "sys_platform == \"win32\""}

[package.extras]
dev = ["Sphinx (>=4.1.1)", "black (>=19.10b0)", "colorama (>=0.3.4)", "docutils (==0.16)", "flake8 (>=3.7.7)", "isort (>=5.1.1)", "pytest (>=4.6.2)", "pytest-cov (>=2.7.1)", "sphinx-autobuild (>=0.7.1)", "sphinx-rtd-theme (>=0.4.3)", "tox (>=3.9.0)"]

[[package]]
name = "mccabe"
version = "0.7.0"
description = "McCabe checker, plugin for flake8"
category = "dev"
optional = false
python-versions = ">=3.6"

[[package]]
name = "pycodestyle"
version = "2.9.1"
description = "Python style guide checker"
category = "dev"
optional = false
python-versions = ">=3.6"

[[package]]
name = "pydantic"
version = "1.10.12"
description = "Data validation and settings management using python type hints"
category = "main"
optional = false
python-versions = ">=3.7"

[package.dependencies]
typing-extensions = ">=4.2.0"

[package.extras]
dotenv = ["python-dotenv (>=0.10.4)"]
email = ["email-validator (>=1.0.3)"]

[[package]]
name = "pyflakes"
version = "2.5.0"
description = "passive checker of Python programs"
category = "dev"
optional = false
python-versions = ">=3.6"

[[package]]
name = "pygls"
version = "0.13.1"
description = "a pythonic generic language server (pronounced like \"pie glass\")."
category = "main"
optional = false
python-versions = "<3.12,>=3.7"

[package.dependencies]
pydantic = [
    {version = ">=1.9.1", markers = "python_version < \"3.11\""},
    {version = ">=1.10.2", markers = "python_version >= \"3.11\""},
]
typeguard = ">=2.10.0,<3"

[package.extras]
dev = ["bandit (==1.7.4)", "flake8 (==4.0.1)", "mypy (==0.961)"]
docs = ["sphinx (==5.0.1)", "sphinx-rtd-theme (==1.0.0)"]
test = ["mock (==4.0.3)", "pytest (==7.1.2)", "pytest-asyncio (==0.18.3)"]
ws = ["websockets (>=10.0.0,<11.0.0)"]

[[package]]
name = "tree-sitter"
version = "0.20.2"
description = "Python bindings for the Tree-Sitter parsing library"
category = "main"
optional = false
python-versions = ">=3.3"

[[package]]
name = "typeguard"
version = "2.13.3"
description = "Run-time type checker for Python"
category = "main"
optional = false
python-versions = ">=3.5.3"

[package.extras]
doc = ["sphinx-autodoc-typehints (>=1.2.0)", "sphinx-rtd-theme"]
test = ["mypy", "pytest", "typing-extensions"]

[[package]]
name = "typing-extensions"
version = "4.7.1"
description = "Backported and Experimental Type Hints for Python 3.7+"
category = "main"
optional = false
python-versions = ">=3.7"

[[package]]
name = "win32-setctime"
version = "1.1.0"
description = "A small Python utility to set file creation time on Windows"
category = "main"
optional = false
python-versions = ">=3.5"

[package.extras]
dev = ["black (>=19.3b0)", "pytest (>=4.6.2)"]

[metadata]
lock-version = "1.1"
python-versions = "^3.9,<3.12"
content-hash = "53ff36c9051d8687fd60420f56fd9c488b11f1a297bee5ebb87e1fdf23598562"

[metadata.files]
colorama = [
    {file = "colorama-0.4.6-py2.py3-none-any.whl", hash = "sha256:4f1d9991f5acc0ca119f9d443620b77f9d6b33703e51011c16baf57afb285fc6"},
    {file = "colorama-0.4.6.tar.gz", hash = "sha256:08695f5cb7ed6e0531a20572697297273c47b8cae5a63ffc6d6ed5c201be6e44"},
]
flake8 = [
    {file = "flake8-5.0.4-py2.py3-none-any.whl", hash = "sha256:7a1cf6b73744f5806ab95e526f6f0d8c01c66d7bbe349562d22dfca20610b248"},
    {file = "flake8-5.0.4.tar.gz", hash = "sha256:6fbe320aad8d6b95cec8b8e47bc933004678dc63095be98528b7bdd2a9f510db"},
]
lark = [
    {file = "lark-1.1.7-py3-none-any.whl", hash = "sha256:9e5dc5bbf93fa1840083707285262514a0ef8a6613874af7ea1cec60468d6e92"},
    {file = "lark-1.1.7.tar.gz", hash = "sha256:be7437bf1f37ab08b355f29ff2571d77d777113d0a8c4352b0c513dced6c5a1e"},
]
loguru = [
    {file = "loguru-0.6.0-py3-none-any.whl", hash = "sha256:4e2414d534a2ab57573365b3e6d0234dfb1d84b68b7f3b948e6fb743860a77c3"},
    {file = "loguru-0.6.0.tar.gz", hash = "sha256:066bd06758d0a513e9836fd9c6b5a75bfb3fd36841f4b996bc60b547a309d41c"},
]
mccabe = [
    {file = "mccabe-0.7.0-py2.py3-none-any.whl", hash = "sha256:6c2d30ab6be0e4a46919781807b4f0d834ebdd6c6e3dca0bda5a15f863427b6e"},
    {file = "mccabe-0.7.0.tar.gz", hash = "sha256:348e0240c33b60bbdf4e523192ef919f28cb2c3d7d5c7794f74009290f236325"},
]
pycodestyle = [
    {file = "pycodestyle-2.9.1-py2.py3-none-any.whl", hash = "sha256:d1735fc58b418fd7c5f658d28d943854f8a849b01a5d0a1e6f3f3fdd0166804b"},
    {file = "pycodestyle-2.9.1.tar.gz", hash = "sha256:2c9607871d58c76354b697b42f5d57e1ada7d261c261efac224b664affdc5785"},
]
pydantic = [
    {file = "pydantic-1.10.12-cp310-cp310-macosx_10_9_x86_64.whl", hash = "sha256:a1fcb59f2f355ec350073af41d927bf83a63b50e640f4dbaa01053a28b7a7718"},
    {file = "pydantic-1.10.12-cp310-cp310-macosx_11_0_arm64.whl", hash = "sha256:b7ccf02d7eb340b216ec33e53a3a629856afe1c6e0ef91d84a4e6f2fb2ca70fe"},
    {file = "pydantic-1.10.12-cp310-cp310-manylinux_2_17_x86_64.manylinux2014_x86_64.whl", hash = "sha256:8fb2aa3ab3728d950bcc885a2e9eff6c8fc40bc0b7bb434e555c215491bcf48b"},
    {file = "pydantic-1.10.12-cp310-cp310-manylinux_2_5_i686.manylinux1_i686.manylinux_2_17_i686.manylinux2014_i686.whl", hash = "sha256:771735dc43cf8383959dc9b90aa281f0b6092321ca98677c5fb6125a6f56d58d"},
    {file = "pydantic-1.10.12-cp310-cp310-musllinux_1_1_i686.whl", hash = "sha256:ca48477862372ac3770969b9d75f1bf66131d386dba79506c46d75e6b48c1e09"},
    {file = "pydantic-1.10.12-cp310-cp310-musllinux_1_1_x86_64.whl", hash = "sha256:a5e7add47a5b5a40c49b3036d464e3c7802f8ae0d1e66035ea16aa5b7a3923ed"},
    {file = "pydantic-1.10.12-cp310-cp310-win_amd64.whl", hash = "sha256:e4129b528c6baa99a429f97ce733fff478ec955513630e61b49804b6cf9b224a"},
    {file = "pydantic-1.10.12-cp311-cp311-macosx_10_9_x86_64.whl", hash = "sha256:b0d191db0f92dfcb1dec210ca244fdae5cbe918c6050b342d619c09d31eea0cc"},
    {file = "pydantic-1.10.12-cp311-cp311-macosx_11_0_arm64.whl", hash = "sha256:795e34e6cc065f8f498c89b894a3c6da294a936ee71e644e4bd44de048af1405"},
    {file = "pydantic-1.10.12-cp311-cp311-manylinux_2_17_x86_64.manylinux2014_x86_64.whl", hash = "sha256:69328e15cfda2c392da4e713443c7dbffa1505bc9d566e71e55abe14c97ddc62"},
    {file = "pydantic-1.10.12-cp311-cp311-manylinux_2_5_i686.manylinux1_i686.manylinux_2_17_i686.manylinux2014_i686.whl", hash = "sha256:2031de0967c279df0d8a1c72b4ffc411ecd06bac607a212892757db7462fc494"},
    {file = "pydantic-1.10.12-cp311-cp311-musllinux_1_1_i686.whl", hash = "sha256:ba5b2e6fe6ca2b7e013398bc7d7b170e21cce322d266ffcd57cca313e54fb246"},
    {file = "pydantic-1.10.12-cp311-cp311-musllinux_1_1_x86_64.whl", hash = "sha256:2a7bac939fa326db1ab741c9d7f44c565a1d1e80908b3797f7f81a4f86bc8d33"},
    {file = "pydantic-1.10.12-cp311-cp311-win_amd64.whl", hash = "sha256:87afda5539d5140cb8ba9e8b8c8865cb5b1463924d38490d73d3ccfd80896b3f"},
    {file = "pydantic-1.10.12-cp37-cp37m-macosx_10_9_x86_64.whl", hash = "sha256:549a8e3d81df0a85226963611950b12d2d334f214436a19537b2efed61b7639a"},
    {file = "pydantic-1.10.12-cp37-cp37m-manylinux_2_17_x86_64.manylinux2014_x86_64.whl", hash = "sha256:598da88dfa127b666852bef6d0d796573a8cf5009ffd62104094a4fe39599565"},
    {file = "pydantic-1.10.12-cp37-cp37m-manylinux_2_5_i686.manylinux1_i686.manylinux_2_17_i686.manylinux2014_i686.whl", hash = "sha256:ba5c4a8552bff16c61882db58544116d021d0b31ee7c66958d14cf386a5b5350"},
    {file = "pydantic-1.10.12-cp37-cp37m-musllinux_1_1_i686.whl", hash = "sha256:c79e6a11a07da7374f46970410b41d5e266f7f38f6a17a9c4823db80dadf4303"},
    {file = "pydantic-1.10.12-cp37-cp37m-musllinux_1_1_x86_64.whl", hash = "sha256:ab26038b8375581dc832a63c948f261ae0aa21f1d34c1293469f135fa92972a5"},
    {file = "pydantic-1.10.12-cp37-cp37m-win_amd64.whl", hash = "sha256:e0a16d274b588767602b7646fa05af2782576a6cf1022f4ba74cbb4db66f6ca8"},
    {file = "pydantic-1.10.12-cp38-cp38-macosx_10_9_x86_64.whl", hash = "sha256:6a9dfa722316f4acf4460afdf5d41d5246a80e249c7ff475c43a3a1e9d75cf62"},
    {file = "pydantic-1.10.12-cp38-cp38-macosx_11_0_arm64.whl", hash = "sha256:a73f489aebd0c2121ed974054cb2759af8a9f747de120acd2c3394cf84176ccb"},
    {file = "pydantic-1.10.12-cp38-cp38-manylinux_2_17_x86_64.manylinux2014_x86_64.whl", hash = "sha256:6b30bcb8cbfccfcf02acb8f1a261143fab622831d9c0989707e0e659f77a18e0"},
    {file = "pydantic-1.10.12-cp38-cp38-manylinux_2_5_i686.manylinux1_i686.manylinux_2_17_i686.manylinux2014_i686.whl", hash = "sha256:2fcfb5296d7877af406ba1547dfde9943b1256d8928732267e2653c26938cd9c"},
    {file = "pydantic-1.10.12-cp38-cp38-musllinux_1_1_i686.whl", hash = "sha256:2f9a6fab5f82ada41d56b0602606a5506aab165ca54e52bc4545028382ef1c5d"},
    {file = "pydantic-1.10.12-cp38-cp38-musllinux_1_1_x86_64.whl", hash = "sha256:dea7adcc33d5d105896401a1f37d56b47d443a2b2605ff8a969a0ed5543f7e33"},
    {file = "pydantic-1.10.12-cp38-cp38-win_amd64.whl", hash = "sha256:1eb2085c13bce1612da8537b2d90f549c8cbb05c67e8f22854e201bde5d98a47"},
    {file = "pydantic-1.10.12-cp39-cp39-macosx_10_9_x86_64.whl", hash = "sha256:ef6c96b2baa2100ec91a4b428f80d8f28a3c9e53568219b6c298c1125572ebc6"},
    {file = "pydantic-1.10.12-cp39-cp39-macosx_11_0_arm64.whl", hash = "sha256:6c076be61cd0177a8433c0adcb03475baf4ee91edf5a4e550161ad57fc90f523"},
    {file = "pydantic-1.10.12-cp39-cp39-manylinux_2_17_x86_64.manylinux2014_x86_64.whl", hash = "sha256:2d5a58feb9a39f481eda4d5ca220aa8b9d4f21a41274760b9bc66bfd72595b86"},
    {file = "pydantic-1.10.12-cp39-cp39-manylinux_2_5_i686.manylinux1_i686.manylinux_2_17_i686.manylinux2014_i686.whl", hash = "sha256:e5f805d2d5d0a41633651a73fa4ecdd0b3d7a49de4ec3fadf062fe16501ddbf1"},
    {file = "pydantic-1.10.12-cp39-cp39-musllinux_1_1_i686.whl", hash = "sha256:1289c180abd4bd4555bb927c42ee42abc3aee02b0fb2d1223fb7c6e5bef87dbe"},
    {file = "pydantic-1.10.12-cp39-cp39-musllinux_1_1_x86_64.whl", hash = "sha256:5d1197e462e0364906cbc19681605cb7c036f2475c899b6f296104ad42b9f5fb"},
    {file = "pydantic-1.10.12-cp39-cp39-win_amd64.whl", hash = "sha256:fdbdd1d630195689f325c9ef1a12900524dceb503b00a987663ff4f58669b93d"},
    {file = "pydantic-1.10.12-py3-none-any.whl", hash = "sha256:b749a43aa51e32839c9d71dc67eb1e4221bb04af1033a32e3923d46f9effa942"},
    {file = "pydantic-1.10.12.tar.gz", hash = "sha256:0fe8a415cea8f340e7a9af9c54fc71a649b43e8ca3cc732986116b3cb135d303"},
]
pyflakes = [
    {file = "pyflakes-2.5.0-py2.py3-none-any.whl", hash = "sha256:4579f67d887f804e67edb544428f264b7b24f435b263c4614f384135cea553d2"},
    {file = "pyflakes-2.5.0.tar.gz", hash = "sha256:491feb020dca48ccc562a8c0cbe8df07ee13078df59813b83959cbdada312ea3"},
]
pygls = [
    {file = "pygls-0.13.1-py3-none-any.whl", hash = "sha256:37a1b5a45fe8934d992412f11d84d69d2ede55b52df2e34e6aa9342e5308d20e"},
    {file = "pygls-0.13.1.tar.gz", hash = "sha256:b2d3f5cbf3d0e5dfa88b9150a371e3a0e619d7f25b77113aba4ca746c8385a66"},
]
tree-sitter = [
    {file = "tree_sitter-0.20.2-cp310-cp310-macosx_10_9_x86_64.whl", hash = "sha256:1a151ccf9233b0b84850422654247f68a4d78f548425c76520402ea6fb6cdb24"},
    {file = "tree_sitter-0.20.2-cp310-cp310-macosx_11_0_arm64.whl", hash = "sha256:52ca2738c3c4c660c83054ac3e44a49cbecb9f89dc26bb8e154d6ca288aa06b0"},
    {file = "tree_sitter-0.20.2-cp310-cp310-manylinux_2_17_i686.manylinux2014_i686.whl", hash = "sha256:a8d51478ea078da7cc6f626e9e36f131bbc5fac036cf38ea4b5b81632cbac37d"},
    {file = "tree_sitter-0.20.2-cp310-cp310-manylinux_2_17_x86_64.manylinux2014_x86_64.whl", hash = "sha256:d0b2b59e1633efbf19cd2ed1ceb8d51b2c44a278153b1113998c70bc1570b750"},
    {file = "tree_sitter-0.20.2-cp310-cp310-musllinux_1_1_i686.whl", hash = "sha256:7f691c57d2a65d6e53e2f3574153c9cd0c157ff938b8d6f252edd5e619811403"},
    {file = "tree_sitter-0.20.2-cp310-cp310-musllinux_1_1_x86_64.whl", hash = "sha256:ba72a363387eebaff9a0b788f864fe47da425136cbd4cac6cd125051f043c296"},
    {file = "tree_sitter-0.20.2-cp310-cp310-win32.whl", hash = "sha256:55e33eb206446d5046d3b5fe36ab300840f5a8a844246adb0ccc68c55c30b722"},
    {file = "tree_sitter-0.20.2-cp310-cp310-win_amd64.whl", hash = "sha256:24ce9d14daba0a71a778417d9d61dd4038ca96981ddec19e1e8990881469321c"},
    {file = "tree_sitter-0.20.2-cp311-cp311-macosx_10_9_x86_64.whl", hash = "sha256:942dbfb8bc380f09b0e323d3884de07d19022930516f33b7503a6eb5f6e18979"},
    {file = "tree_sitter-0.20.2-cp311-cp311-macosx_11_0_arm64.whl", hash = "sha256:ee5651c11924d426f8d6858a40fd5090ae31574f81ef180bef2055282f43bf62"},
    {file = "tree_sitter-0.20.2-cp311-cp311-manylinux_2_17_i686.manylinux2014_i686.whl", hash = "sha256:8fb6982b480031628dad7f229c4c8d90b17d4c281ba97848d3b100666d7fa45f"},
    {file = "tree_sitter-0.20.2-cp311-cp311-manylinux_2_17_x86_64.manylinux2014_x86_64.whl", hash = "sha256:067609c6c7cb6e5a6c4be50076a380fe52b6e8f0641ee9d0da33b24a5b972e82"},
    {file = "tree_sitter-0.20.2-cp311-cp311-musllinux_1_1_i686.whl", hash = "sha256:849d7e6b66fe7ded08a633943b30e0ed807eee76104288e6c6841433f4a9651b"},
    {file = "tree_sitter-0.20.2-cp311-cp311-musllinux_1_1_x86_64.whl", hash = "sha256:e85689573797e49f86e2d7cf48b9dd23bc044c477df074a78546e666d6990a29"},
    {file = "tree_sitter-0.20.2-cp311-cp311-win32.whl", hash = "sha256:098906148e44ea391a91b019d584dd8d0ea1437af62a9744e280e93163fd35ca"},
    {file = "tree_sitter-0.20.2-cp311-cp311-win_amd64.whl", hash = "sha256:2753a87094b72fe7f02276b3948155618f53aa14e1ca20588f0eeed510f68512"},
    {file = "tree_sitter-0.20.2-cp36-cp36m-macosx_10_9_x86_64.whl", hash = "sha256:5de192cb9e7b1c882d45418decb7899f1547f7056df756bcae186bbf4966d96e"},
    {file = "tree_sitter-0.20.2-cp36-cp36m-manylinux_2_17_i686.manylinux2014_i686.whl", hash = "sha256:f3a77e663293a73a97edbf2a2e05001de08933eb5d311a16bdc25b9b2fac54f3"},
    {file = "tree_sitter-0.20.2-cp36-cp36m-manylinux_2_17_x86_64.manylinux2014_x86_64.whl", hash = "sha256:415da4a70c56a003758537517fe9e60b8b0c5f70becde54cc8b8f3ba810adc70"},
    {file = "tree_sitter-0.20.2-cp36-cp36m-musllinux_1_1_i686.whl", hash = "sha256:707fb4d7a6123b8f9f2b005d61194077c3168c0372556e7418802280eddd4892"},
    {file = "tree_sitter-0.20.2-cp36-cp36m-musllinux_1_1_x86_64.whl", hash = "sha256:75fcbfb0a61ad64e7f787eb3f8fbf29b8e2b858dc011897ad039d838a06cee02"},
    {file = "tree_sitter-0.20.2-cp36-cp36m-win32.whl", hash = "sha256:622926530895d939fa6e1e2487e71a311c71d3b09f4c4f19301695ea866304a4"},
    {file = "tree_sitter-0.20.2-cp36-cp36m-win_amd64.whl", hash = "sha256:5c0712f031271d9bc462f1db7623d23703ed9fbcbaa6dc19ba535f58d6110774"},
    {file = "tree_sitter-0.20.2-cp37-cp37m-macosx_10_9_x86_64.whl", hash = "sha256:2dfdf680ecf5619447243c4c20e4040a7b5e7afca4e1569f03c814e86bfda248"},
    {file = "tree_sitter-0.20.2-cp37-cp37m-manylinux_2_17_i686.manylinux2014_i686.whl", hash = "sha256:79650ee23a15559b69542c71ed9eb3297dce21932a7c5c148be384dd0f2cd49d"},
    {file = "tree_sitter-0.20.2-cp37-cp37m-manylinux_2_17_x86_64.manylinux2014_x86_64.whl", hash = "sha256:d63059746b4b2f2f87dd19c208141c69452694aae32459b7a4ebca8539d13bf4"},
    {file = "tree_sitter-0.20.2-cp37-cp37m-musllinux_1_1_i686.whl", hash = "sha256:9398d1e214d4915032cf68a678de7eb803f64d25ef04724d70b88db7bb7746e9"},
    {file = "tree_sitter-0.20.2-cp37-cp37m-musllinux_1_1_x86_64.whl", hash = "sha256:b506fb2e2bd7a5a1603c644bbb90401fe488f86bbca39706addaa8d2bfc80815"},
    {file = "tree_sitter-0.20.2-cp37-cp37m-win32.whl", hash = "sha256:405e83804ba60ca1c3dbd258adbe0d7b0f1bdce948e5eec5587a2ebedcf930ba"},
    {file = "tree_sitter-0.20.2-cp37-cp37m-win_amd64.whl", hash = "sha256:a1e66d211c04144484e223922ac094a2367476e6f57000f986c5560dc5a83c6e"},
    {file = "tree_sitter-0.20.2-cp38-cp38-macosx_10_9_x86_64.whl", hash = "sha256:f8adc325c74c042204ed47d095e0ec86f83de3c7ec4979645f86b58514f60297"},
    {file = "tree_sitter-0.20.2-cp38-cp38-macosx_11_0_arm64.whl", hash = "sha256:beb49c861e1d111e0df119ecbfaa409e6413b8d91e8f56bcdb15f07fbc35594e"},
    {file = "tree_sitter-0.20.2-cp38-cp38-manylinux_2_17_i686.manylinux2014_i686.whl", hash = "sha256:e17ee83409b01fdd09021997b0c747be2f773bb2bb140ba6fb48b7e12fdd039a"},
    {file = "tree_sitter-0.20.2-cp38-cp38-manylinux_2_17_x86_64.manylinux2014_x86_64.whl", hash = "sha256:475ab841647a0d1bc1266c8978279f8e4f7b9520b9a7336d532e5dfc8910214d"},
    {file = "tree_sitter-0.20.2-cp38-cp38-musllinux_1_1_i686.whl", hash = "sha256:222350189675d9814966a5c88c6c1378a2ee2f3041c439a6f1d1ff2006f403aa"},
    {file = "tree_sitter-0.20.2-cp38-cp38-musllinux_1_1_x86_64.whl", hash = "sha256:31ea52f0deee70f2cb00aff01e40aae325a34ebe1661de274c9107322fb95f54"},
    {file = "tree_sitter-0.20.2-cp38-cp38-win32.whl", hash = "sha256:cceaf7287137cbca707006624a4a8d4b5ccbfec025793fde84d90524c2bb0946"},
    {file = "tree_sitter-0.20.2-cp38-cp38-win_amd64.whl", hash = "sha256:25b9669911f21ec2b3727bb2f4dfeff6ddb6f81898c3e968d378a660e0d7f90e"},
    {file = "tree_sitter-0.20.2-cp39-cp39-macosx_10_9_x86_64.whl", hash = "sha256:ce30a17f46a6b39a04a599dea88c127a19e3e1f43a2ad0ced71b5c032d585077"},
    {file = "tree_sitter-0.20.2-cp39-cp39-macosx_11_0_arm64.whl", hash = "sha256:e9576e8b2e663639527e01ab251b87f0bd370bfdd40515588689ebc424aec786"},
    {file = "tree_sitter-0.20.2-cp39-cp39-manylinux_2_17_i686.manylinux2014_i686.whl", hash = "sha256:d03731a498f624ce3536c821ef23b03d1ad569b3845b326a5b7149ef189d732c"},
    {file = "tree_sitter-0.20.2-cp39-cp39-manylinux_2_17_x86_64.manylinux2014_x86_64.whl", hash = "sha256:ef0116ecb163573ebaa0fc04cc99c90bd94c0be5cc4d0a1ebeb102de9cc9a054"},
    {file = "tree_sitter-0.20.2-cp39-cp39-musllinux_1_1_i686.whl", hash = "sha256:0943b00d3700f253c3ee6a53a71b9a6ca46defd9c0a33edb07a9388e70dc3a9e"},
    {file = "tree_sitter-0.20.2-cp39-cp39-musllinux_1_1_x86_64.whl", hash = "sha256:8cb566b6f0b5457148cb8310a1ca3d764edf28e47fcccfe0b167861ecaa50c12"},
    {file = "tree_sitter-0.20.2-cp39-cp39-win32.whl", hash = "sha256:4544204a24c2b4d25d1731b0df83f7c819ce87c4f2538a19724b8753815ef388"},
    {file = "tree_sitter-0.20.2-cp39-cp39-win_amd64.whl", hash = "sha256:9517b204e471d6aa59ee2232f6220f315ed5336079034d5c861a24660d6511d6"},
    {file = "tree_sitter-0.20.2-pp37-pypy37_pp73-macosx_10_9_x86_64.whl", hash = "sha256:84343678f58cb354d22ed14b627056ffb33c540cf16c35a83db4eeee8827b935"},
    {file = "tree_sitter-0.20.2-pp37-pypy37_pp73-manylinux_2_17_i686.manylinux2014_i686.whl", hash = "sha256:611a80171d8fa6833dd0c8b022714d2ea789de15a955ec42ec4fd5fcc1032edb"},
    {file = "tree_sitter-0.20.2-pp37-pypy37_pp73-manylinux_2_17_x86_64.manylinux2014_x86_64.whl", hash = "sha256:bacecfb61694c95ccee462742b3fcea50ba1baf115c42e60adf52b549ef642ce"},
    {file = "tree_sitter-0.20.2-pp37-pypy37_pp73-win_amd64.whl", hash = "sha256:f344ae94a268479456f19712736cc7398de5822dc74cca7d39538c28085721d0"},
    {file = "tree_sitter-0.20.2-pp38-pypy38_pp73-macosx_10_9_x86_64.whl", hash = "sha256:221784d7f326fe81ce7174ac5972800f58b9a7c5c48a03719cad9830c22e5a76"},
    {file = "tree_sitter-0.20.2-pp38-pypy38_pp73-manylinux_2_17_i686.manylinux2014_i686.whl", hash = "sha256:64210ed8d2a1b7e2951f6576aa0cb7be31ad06d87da26c52961318fc54c7fe77"},
    {file = "tree_sitter-0.20.2-pp38-pypy38_pp73-manylinux_2_17_x86_64.manylinux2014_x86_64.whl", hash = "sha256:2634ac73b39ceacfa431d6d95692eae7465977fa0b9e9f7ae6cb445991e829a5"},
    {file = "tree_sitter-0.20.2-pp38-pypy38_pp73-win_amd64.whl", hash = "sha256:71663a0e8230dae99d9c55e6895bd2c9e42534ec861b255775f704ae2db70c1d"},
    {file = "tree_sitter-0.20.2-pp39-pypy39_pp73-macosx_10_9_x86_64.whl", hash = "sha256:32c3e0f30b45a58d36bf6a0ec982ca3eaa23c7f924628da499b7ad22a8abad71"},
    {file = "tree_sitter-0.20.2-pp39-pypy39_pp73-manylinux_2_17_i686.manylinux2014_i686.whl", hash = "sha256:9b02e4ab2158c25f6f520c93318d562da58fa4ba53e1dbd434be008f48104980"},
    {file = "tree_sitter-0.20.2-pp39-pypy39_pp73-manylinux_2_17_x86_64.manylinux2014_x86_64.whl", hash = "sha256:10e567eb6961a1e86aebbe26a9ca07d324f8529bca90937a924f8aa0ea4dc127"},
    {file = "tree_sitter-0.20.2-pp39-pypy39_pp73-win_amd64.whl", hash = "sha256:63f8e8e69f5f25c2b565449e1b8a2aa7b6338b4f37c8658c5fbdec04858c30be"},
    {file = "tree_sitter-0.20.2.tar.gz", hash = "sha256:0a6c06abaa55de174241a476b536173bba28241d2ea85d198d33aa8bf009f028"},
]
typeguard = [
    {file = "typeguard-2.13.3-py3-none-any.whl", hash = "sha256:5e3e3be01e887e7eafae5af63d1f36c849aaa94e3a0112097312aabfa16284f1"},
    {file = "typeguard-2.13.3.tar.gz", hash = "sha256:00edaa8da3a133674796cf5ea87d9f4b4c367d77476e185e80251cc13dfbb8c4"},
]
typing-extensions = [
    {file = "typing_extensions-4.7.1-py3-none-any.whl", hash = "sha256:440d5dd3af93b060174bf433bccd69b0babc3b15b1a8dca43789fd7f61514b36"},
    {file = "typing_extensions-4.7.1.tar.gz", hash = "sha256:b75ddc264f0ba5615db7ba217daeb99701ad295353c45f9e95963337ceeeffb2"},
]
win32-setctime = [
    {file = "win32_setctime-1.1.0-py3-none-any.whl", hash = "sha256:231db239e959c2fe7eb1d7dc129f11172354f98361c4fa2d6d2d7e278baa8aad"},
    {file = "win32_setctime-1.1.0.tar.gz", hash = "sha256:15cf5750465118d6929ae4de4eb46e8edae9a5634350c01ba582df868e932cb2"},
]
